{
  "lockfileVersion": 1,
  "dependencies": {
    "vue-i18n": {
      "version": "7.0.2",
      "resolved": "https://registry.npmjs.org/vue-i18n/-/vue-i18n-7.0.2.tgz",
      "integrity": "sha1-YCdMONOB0ziEZ7SNMIcO2o/iOxI="
    },
    "vue-router": {
      "version": "2.5.3",
      "resolved": "https://registry.npmjs.org/vue-router/-/vue-router-2.5.3.tgz",
      "integrity": "sha1-BzeD9WS2rs5silnGPimNwqq/tRs="
    }
  }
}
